
Microsoft Visual Studio Solution File, Format Version 12.00
# Visual Studio 15
VisualStudioVersion = 15.0.28010.2026
MinimumVisualStudioVersion = 10.0.40219.1
Project("{FAE04EC0-301F-11D3-BF4B-00C04F79EFBC}") = "Jan2019_PasswordGenerator", "Jan2019_PasswordGenerator\Jan2019_PasswordGenerator.csproj", "{E4C4789D-2F72-42B9-8C88-ACB06977B126}"
EndProject
Global
	GlobalSection(SolutionConfigurationPlatforms) = preSolution
		Debug|Any CPU = Debug|Any CPU
		Release|Any CPU = Release|Any CPU
	EndGlobalSection
	GlobalSection(ProjectConfigurationPlatforms) = postSolution
		{E4C4789D-2F72-42B9-8C88-ACB06977B126}.Debug|Any CPU.ActiveCfg = Debug|Any CPU
		{E4C4789D-2F72-42B9-8C88-ACB06977B126}.Debug|Any CPU.Build.0 = Debug|Any CPU
		{E4C4789D-2F72-42B9-8C88-ACB06977B126}.Release|Any CPU.ActiveCfg = Release|Any CPU
		{E4C4789D-2F72-42B9-8C88-ACB06977B126}.Release|Any CPU.Build.0 = Release|Any CPU
	EndGlobalSection
	GlobalSection(SolutionProperties) = preSolution
		HideSolutionNode = FALSE
	EndGlobalSection
	GlobalSection(ExtensibilityGlobals) = postSolution
		SolutionGuid = {5F5D6578-6802-4933-A837-A8899B61934E}
	EndGlobalSection
EndGlobal
